// !$*UTF8*$!
{
	archiveVersion = 1;
	classes = {
	};
	objectVersion = 48;
	objects = {

/* Begin PBXBuildFile section */
		3668944B1FF1614E00F4A274 /* AppDelegate.swift in Sources */ = {isa = PBXBuildFile; fileRef = 3668944A1FF1614E00F4A274 /* AppDelegate.swift */; };
		3668944D1FF1614E00F4A274 /* ViewController.swift in Sources */ = {isa = PBXBuildFile; fileRef = 3668944C1FF1614E00F4A274 /* ViewController.swift */; };
		366894501FF1614E00F4A274 /* Main.storyboard in Resources */ = {isa = PBXBuildFile; fileRef = 3668944E1FF1614E00F4A274 /* Main.storyboard */; };
		366894521FF1614E00F4A274 /* Assets.xcassets in Resources */ = {isa = PBXBuildFile; fileRef = 366894511FF1614E00F4A274 /* Assets.xcassets */; };
		366894551FF1614E00F4A274 /* LaunchScreen.storyboard in Resources */ = {isa = PBXBuildFile; fileRef = 366894531FF1614E00F4A274 /* LaunchScreen.storyboard */; };
		366894601FF1614E00F4A274 /* TipperTests.swift in Sources */ = {isa = PBXBuildFile; fileRef = 3668945F1FF1614E00F4A274 /* TipperTests.swift */; };
		3668946B1FF1614E00F4A274 /* TipperUITests.swift in Sources */ = {isa = PBXBuildFile; fileRef = 3668946A1FF1614E00F4A274 /* TipperUITests.swift */; };
/* End PBXBuildFile section */

/* Begin PBXContainerItemProxy section */
		3668945C1FF1614E00F4A274 /* PBXContainerItemProxy */ = {
			isa = PBXContainerItemProxy;
			containerPortal = 3668943F1FF1614D00F4A274 /* Project object */;
			proxyType = 1;
			remoteGlobalIDString = 366894461FF1614D00F4A274;
			remoteInfo = Tipper;
		};
		366894671FF1614E00F4A274 /* PBXContainerItemProxy */ = {
			isa = PBXContainerItemProxy;
			containerPortal = 3668943F1FF1614D00F4A274 /* Project object */;
			proxyType = 1;
			remoteGlobalIDString = 366894461FF1614D00F4A274;
			remoteInfo = Tipper;
		};
/* End PBXContainerItemProxy section */

/* Begin PBXFileReference section */
		366894471FF1614E00F4A274 /* Tippr.app */ = {isa = PBXFileReference; explicitFileType = wrapper.application; includeInIndex = 0; path = Tippr.app; sourceTree = BUILT_PRODUCTS_DIR; };
		3668944A1FF1614E00F4A274 /* AppDelegate.swift */ = {isa = PBXFileReference; lastKnownFileType = sourcecode.swift; path = AppDelegate.swift; sourceTree = "<group>"; };
		3668944C1FF1614E00F4A274 /* ViewController.swift */ = {isa = PBXFileReference; lastKnownFileType = sourcecode.swift; path = ViewController.swift; sourceTree = "<group>"; };
		3668944F1FF1614E00F4A274 /* Base */ = {isa = PBXFileReference; lastKnownFileType = file.storyboard; name = Base; path = Base.lproj/Main.storyboard; sourceTree = "<group>"; };
		366894511FF1614E00F4A274 /* Assets.xcassets */ = {isa = PBXFileReference; lastKnownFileType = folder.assetcatalog; path = Assets.xcassets; sourceTree = "<group>"; };
		366894541FF1614E00F4A274 /* Base */ = {isa = PBXFileReference; lastKnownFileType = file.storyboard; name = Base; path = Base.lproj/LaunchScreen.storyboard; sourceTree = "<group>"; };
		366894561FF1614E00F4A274 /* Info.plist */ = {isa = PBXFileReference; lastKnownFileType = text.plist.xml; path = Info.plist; sourceTree = "<group>"; };
		3668945B1FF1614E00F4A274 /* TipprTests.xctest */ = {isa = PBXFileReference; explicitFileType = wrapper.cfbundle; includeInIndex = 0; path = TipprTests.xctest; sourceTree = BUILT_PRODUCTS_DIR; };
		3668945F1FF1614E00F4A274 /* TipperTests.swift */ = {isa = PBXFileReference; lastKnownFileType = sourcecode.swift; path = TipperTests.swift; sourceTree = "<group>"; };
		366894611FF1614E00F4A274 /* Info.plist */ = {isa = PBXFileReference; lastKnownFileType = text.plist.xml; path = Info.plist; sourceTree = "<group>"; };
		366894661FF1614E00F4A274 /* TipprUITests.xctest */ = {isa = PBXFileReference; explicitFileType = wrapper.cfbundle; includeInIndex = 0; path = TipprUITests.xctest; sourceTree = BUILT_PRODUCTS_DIR; };
		3668946A1FF1614E00F4A274 /* TipperUITests.swift */ = {isa = PBXFileReference; lastKnownFileType = sourcecode.swift; path = TipperUITests.swift; sourceTree = "<group>"; };
		3668946C1FF1614E00F4A274 /* Info.plist */ = {isa = PBXFileReference; lastKnownFileType = text.plist.xml; path = Info.plist; sourceTree = "<group>"; };
/* End PBXFileReference section */

/* Begin PBXFrameworksBuildPhase section */
		366894441FF1614D00F4A274 /* Frameworks */ = {
			isa = PBXFrameworksBuildPhase;
			buildActionMask = 2147483647;
			files = (
			);
			runOnlyForDeploymentPostprocessing = 0;
		};
		366894581FF1614E00F4A274 /* Frameworks */ = {
			isa = PBXFrameworksBuildPhase;
			buildActionMask = 2147483647;
			files = (
			);
			runOnlyForDeploymentPostprocessing = 0;
		};
		366894631FF1614E00F4A274 /* Frameworks */ = {
			isa = PBXFrameworksBuildPhase;
			buildActionMask = 2147483647;
			files = (
			);
			runOnlyForDeploymentPostprocessing = 0;
		};
/* End PBXFrameworksBuildPhase section */

/* Begin PBXGroup section */
		3668943E1FF1614D00F4A274 = {
			isa = PBXGroup;
			children = (
				366894491FF1614E00F4A274 /* Tipper */,
				3668945E1FF1614E00F4A274 /* TipperTests */,
				366894691FF1614E00F4A274 /* TipperUITests */,
				366894481FF1614E00F4A274 /* Products */,
			);
			sourceTree = "<group>";
		};
		366894481FF1614E00F4A274 /* Products */ = {
			isa = PBXGroup;
			children = (
				366894471FF1614E00F4A274 /* Tippr.app */,
				3668945B1FF1614E00F4A274 /* TipprTests.xctest */,
				366894661FF1614E00F4A274 /* TipprUITests.xctest */,
			);
			name = Products;
			sourceTree = "<group>";
		};
		366894491FF1614E00F4A274 /* Tipper */ = {
			isa = PBXGroup;
			children = (
				3668944A1FF1614E00F4A274 /* AppDelegate.swift */,
				3668944C1FF1614E00F4A274 /* ViewController.swift */,
				3668944E1FF1614E00F4A274 /* Main.storyboard */,
				366894511FF1614E00F4A274 /* Assets.xcassets */,
				366894531FF1614E00F4A274 /* LaunchScreen.storyboard */,
				366894561FF1614E00F4A274 /* Info.plist */,
			);
			path = Tipper;
			sourceTree = "<group>";
		};
		3668945E1FF1614E00F4A274 /* TipperTests */ = {
			isa = PBXGroup;
			children = (
				3668945F1FF1614E00F4A274 /* TipperTests.swift */,
				366894611FF1614E00F4A274 /* Info.plist */,
			);
			path = TipperTests;
			sourceTree = "<group>";
		};
		366894691FF1614E00F4A274 /* TipperUITests */ = {
			isa = PBXGroup;
			children = (
				3668946A1FF1614E00F4A274 /* TipperUITests.swift */,
				3668946C1FF1614E00F4A274 /* Info.plist */,
			);
			path = TipperUITests;
			sourceTree = "<group>";
		};
/* End PBXGroup section */

/* Begin PBXNativeTarget section */
		366894461FF1614D00F4A274 /* Tippr */ = {
			isa = PBXNativeTarget;
			buildConfigurationList = 3668946F1FF1614E00F4A274 /* Build configuration list for PBXNativeTarget "Tippr" */;
			buildPhases = (
				366894431FF1614D00F4A274 /* Sources */,
				366894441FF1614D00F4A274 /* Frameworks */,
				366894451FF1614D00F4A274 /* Resources */,
			);
			buildRules = (
			);
			dependencies = (
			);
			name = Tippr;
			productName = Tipper;
			productReference = 366894471FF1614E00F4A274 /* Tippr.app */;
			productType = "com.apple.product-type.application";
		};
		3668945A1FF1614E00F4A274 /* TipprTests */ = {
			isa = PBXNativeTarget;
			buildConfigurationList = 366894721FF1614E00F4A274 /* Build configuration list for PBXNativeTarget "TipprTests" */;
			buildPhases = (
				366894571FF1614E00F4A274 /* Sources */,
				366894581FF1614E00F4A274 /* Frameworks */,
				366894591FF1614E00F4A274 /* Resources */,
			);
			buildRules = (
			);
			dependencies = (
				3668945D1FF1614E00F4A274 /* PBXTargetDependency */,
			);
			name = TipprTests;
			productName = TipperTests;
			productReference = 3668945B1FF1614E00F4A274 /* TipprTests.xctest */;
			productType = "com.apple.product-type.bundle.unit-test";
		};
		366894651FF1614E00F4A274 /* TipprUITests */ = {
			isa = PBXNativeTarget;
			buildConfigurationList = 366894751FF1614E00F4A274 /* Build configuration list for PBXNativeTarget "TipprUITests" */;
			buildPhases = (
				366894621FF1614E00F4A274 /* Sources */,
				366894631FF1614E00F4A274 /* Frameworks */,
				366894641FF1614E00F4A274 /* Resources */,
			);
			buildRules = (
			);
			dependencies = (
				366894681FF1614E00F4A274 /* PBXTargetDependency */,
			);
			name = TipprUITests;
			productName = TipperUITests;
			productReference = 366894661FF1614E00F4A274 /* TipprUITests.xctest */;
			productType = "com.apple.product-type.bundle.ui-testing";
		};
/* End PBXNativeTarget section */

/* Begin PBXProject section */
		3668943F1FF1614D00F4A274 /* Project object */ = {
			isa = PBXProject;
			attributes = {
				LastSwiftUpdateCheck = 0920;
				LastUpgradeCheck = 0920;
				ORGANIZATIONNAME = Jeph;
				TargetAttributes = {
					366894461FF1614D00F4A274 = {
						CreatedOnToolsVersion = 9.2;
						ProvisioningStyle = Automatic;
					};
					3668945A1FF1614E00F4A274 = {
						CreatedOnToolsVersion = 9.2;
						ProvisioningStyle = Automatic;
						TestTargetID = 366894461FF1614D00F4A274;
					};
					366894651FF1614E00F4A274 = {
						CreatedOnToolsVersion = 9.2;
						ProvisioningStyle = Automatic;
						TestTargetID = 366894461FF1614D00F4A274;
					};
				};
			};
			buildConfigurationList = 366894421FF1614D00F4A274 /* Build configuration list for PBXProject "Tippr" */;
			compatibilityVersion = "Xcode 8.0";
			developmentRegion = en;
			hasScannedForEncodings = 0;
			knownRegions = (
				en,
				Base,
			);
			mainGroup = 3668943E1FF1614D00F4A274;
			productRefGroup = 366894481FF1614E00F4A274 /* Products */;
			projectDirPath = "";
			projectRoot = "";
			targets = (
				366894461FF1614D00F4A274 /* Tippr */,
				3668945A1FF1614E00F4A274 /* TipprTests */,
				366894651FF1614E00F4A274 /* TipprUITests */,
			);
		};
/* End PBXProject section */

/* Begin PBXResourcesBuildPhase section */
		366894451FF1614D00F4A274 /* Resources */ = {
			isa = PBXResourcesBuildPhase;
			buildActionMask = 2147483647;
			files = (
				366894551FF1614E00F4A274 /* LaunchScreen.storyboard in Resources */,
				366894521FF1614E00F4A274 /* Assets.xcassets in Resources */,
				366894501FF1614E00F4A274 /* Main.storyboard in Resources */,
			);
			runOnlyForDeploymentPostprocessing = 0;
		};
		366894591FF1614E00F4A274 /* Resources */ = {
			isa = PBXResourcesBuildPhase;
			buildActionMask = 2147483647;
			files = (
			);
			runOnlyForDeploymentPostprocessing = 0;
		};
		366894641FF1614E00F4A274 /* Resources */ = {
			isa = PBXResourcesBuildPhase;
			buildActionMask = 2147483647;
			files = (
			);
			runOnlyForDeploymentPostprocessing = 0;
		};
/* End PBXResourcesBuildPhase section */

/* Begin PBXSourcesBuildPhase section */
		366894431FF1614D00F4A274 /* Sources */ = {
			isa = PBXSourcesBuildPhase;
			buildActionMask = 2147483647;
			files = (
				3668944D1FF1614E00F4A274 /* ViewController.swift in Sources */,
				3668944B1FF1614E00F4A274 /* AppDelegate.swift in Sources */,
			);
			runOnlyForDeploymentPostprocessing = 0;
		};
		366894571FF1614E00F4A274 /* Sources */ = {
			isa = PBXSourcesBuildPhase;
			buildActionMask = 2147483647;
			files = (
				366894601FF1614E00F4A274 /* TipperTests.swift in Sources */,
			);
			runOnlyForDeploymentPostprocessing = 0;
		};
		366894621FF1614E00F4A274 /* Sources */ = {
			isa = PBXSourcesBuildPhase;
			buildActionMask = 2147483647;
			files = (
				3668946B1FF1614E00F4A274 /* TipperUITests.swift in Sources */,
			);
			runOnlyForDeploymentPostprocessing = 0;
		};
/* End PBXSourcesBuildPhase section */

/* Begin PBXTargetDependency section */
		3668945D1FF1614E00F4A274 /* PBXTargetDependency */ = {
			isa = PBXTargetDependency;
			target = 366894461FF1614D00F4A274 /* Tippr */;
			targetProxy = 3668945C1FF1614E00F4A274 /* PBXContainerItemProxy */;
		};
		366894681FF1614E00F4A274 /* PBXTargetDependency */ = {
			isa = PBXTargetDependency;
			target = 366894461FF1614D00F4A274 /* Tippr */;
			targetProxy = 366894671FF1614E00F4A274 /* PBXContainerItemProxy */;
		};
/* End PBXTargetDependency section */

/* Begin PBXVariantGroup section */
		3668944E1FF1614E00F4A274 /* Main.storyboard */ = {
			isa = PBXVariantGroup;
			children = (
				3668944F1FF1614E00F4A274 /* Base */,
			);
			name = Main.storyboard;
			sourceTree = "<group>";
		};
		366894531FF1614E00F4A274 /* LaunchScreen.storyboard */ = {
			isa = PBXVariantGroup;
			children = (
				366894541FF1614E00F4A274 /* Base */,
			);
			name = LaunchScreen.storyboard;
			sourceTree = "<group>";
		};
/* End PBXVariantGroup section */

/* Begin XCBuildConfiguration section */
		3668946D1FF1614E00F4A274 /* Debug */ = {
			isa = XCBuildConfiguration;
			buildSettings = {
				ALWAYS_SEARCH_USER_PATHS = NO;
				CLANG_ANALYZER_NONNULL = YES;
				CLANG_ANALYZER_NUMBER_OBJECT_CONVERSION = YES_AGGRESSIVE;
				CLANG_CXX_LANGUAGE_STANDARD = "gnu++14";
				CLANG_CXX_LIBRARY = "libc++";
				CLANG_ENABLE_MODULES = YES;
				CLANG_ENABLE_OBJC_ARC = YES;
				CLANG_WARN_BLOCK_CAPTURE_AUTORELEASING = YES;
				CLANG_WARN_BOOL_CONVERSION = YES;
				CLANG_WARN_COMMA = YES;
				CLANG_WARN_CONSTANT_CONVERSION = YES;
				CLANG_WARN_DIRECT_OBJC_ISA_USAGE = YES_ERROR;
				CLANG_WARN_DOCUMENTATION_COMMENTS = YES;
				CLANG_WARN_EMPTY_BODY = YES;
				CLANG_WARN_ENUM_CONVERSION = YES;
				CLANG_WARN_INFINITE_RECURSION = YES;
				CLANG_WARN_INT_CONVERSION = YES;
				CLANG_WARN_NON_LITERAL_NULL_CONVERSION = YES;
				CLANG_WARN_OBJC_LITERAL_CONVERSION = YES;
				CLANG_WARN_OBJC_ROOT_CLASS = YES_ERROR;
				CLANG_WARN_RANGE_LOOP_ANALYSIS = YES;
				CLANG_WARN_STRICT_PROTOTYPES = YES;
				CLANG_WARN_SUSPICIOUS_MOVE = YES;
				CLANG_WARN_UNGUARDED_AVAILABILITY = YES_AGGRESSIVE;
				CLANG_WARN_UNREACHABLE_CODE = YES;
				CLANG_WARN__DUPLICATE_METHOD_MATCH = YES;
				CODE_SIGN_IDENTITY = "iPhone Developer";
				COPY_PHASE_STRIP = NO;
				DEBUG_INFORMATION_FORMAT = dwarf;
				ENABLE_STRICT_OBJC_MSGSEND = YES;
				ENABLE_TESTABILITY = YES;
				GCC_C_LANGUAGE_STANDARD = gnu11;
				GCC_DYNAMIC_NO_PIC = NO;
				GCC_NO_COMMON_BLOCKS = YES;
				GCC_OPTIMIZATION_LEVEL = 0;
				GCC_PREPROCESSOR_DEFINITIONS = (
					"DEBUG=1",
					"$(inherited)",
				);
				GCC_WARN_64_TO_32_BIT_CONVERSION = YES;
				GCC_WARN_ABOUT_RETURN_TYPE = YES_ERROR;
				GCC_WARN_UNDECLARED_SELECTOR = YES;
				GCC_WARN_UNINITIALIZED_AUTOS = YES_AGGRESSIVE;
				GCC_WARN_UNUSED_FUNCTION = YES;
				GCC_WARN_UNUSED_VARIABLE = YES;
				IPHONEOS_DEPLOYMENT_TARGET = 11.2;
				MTL_ENABLE_DEBUG_INFO = YES;
				ONLY_ACTIVE_ARCH = YES;
				SDKROOT = iphoneos;
				SWIFT_ACTIVE_COMPILATION_CONDITIONS = DEBUG;
				SWIFT_OPTIMIZATION_LEVEL = "-Onone";
			};
			name = Debug;
		};
		3668946E1FF1614E00F4A274 /* Release */ = {
			isa = XCBuildConfiguration;
			buildSettings = {
				ALWAYS_SEARCH_USER_PATHS = NO;
				CLANG_ANALYZER_NONNULL = YES;
				CLANG_ANALYZER_NUMBER_OBJECT_CONVERSION = YES_AGGRESSIVE;
				CLANG_CXX_LANGUAGE_STANDARD = "gnu++14";
				CLANG_CXX_LIBRARY = "libc++";
				CLANG_ENABLE_MODULES = YES;
				CLANG_ENABLE_OBJC_ARC = YES;
				CLANG_WARN_BLOCK_CAPTURE_AUTORELEASING = YES;
				CLANG_WARN_BOOL_CONVERSION = YES;
				CLANG_WARN_COMMA = YES;
				CLANG_WARN_CONSTANT_CONVERSION = YES;
				CLANG_WARN_DIRECT_OBJC_ISA_USAGE = YES_ERROR;
				CLANG_WARN_DOCUMENTATION_COMMENTS = YES;
				CLANG_WARN_EMPTY_BODY = YES;
				CLANG_WARN_ENUM_CONVERSION = YES;
				CLANG_WARN_INFINITE_RECURSION = YES;
				CLANG_WARN_INT_CONVERSION = YES;
				CLANG_WARN_NON_LITERAL_NULL_CONVERSION = YES;
				CLANG_WARN_OBJC_LITERAL_CONVERSION = YES;
				CLANG_WARN_OBJC_ROOT_CLASS = YES_ERROR;
				CLANG_WARN_RANGE_LOOP_ANALYSIS = YES;
				CLANG_WARN_STRICT_PROTOTYPES = YES;
				CLANG_WARN_SUSPICIOUS_MOVE = YES;
				CLANG_WARN_UNGUARDED_AVAILABILITY = YES_AGGRESSIVE;
				CLANG_WARN_UNREACHABLE_CODE = YES;
				CLANG_WARN__DUPLICATE_METHOD_MATCH = YES;
				CODE_SIGN_IDENTITY = "iPhone Developer";
				COPY_PHASE_STRIP = NO;
				DEBUG_INFORMATION_FORMAT = "dwarf-with-dsym";
				ENABLE_NS_ASSERTIONS = NO;
				ENABLE_STRICT_OBJC_MSGSEND = YES;
				GCC_C_LANGUAGE_STANDARD = gnu11;
				GCC_NO_COMMON_BLOCKS = YES;
				GCC_WARN_64_TO_32_BIT_CONVERSION = YES;
				GCC_WARN_ABOUT_RETURN_TYPE = YES_ERROR;
				GCC_WARN_UNDECLARED_SELECTOR = YES;
				GCC_WARN_UNINITIALIZED_AUTOS = YES_AGGRESSIVE;
				GCC_WARN_UNUSED_FUNCTION = YES;
				GCC_WARN_UNUSED_VARIABLE = YES;
				IPHONEOS_DEPLOYMENT_TARGET = 11.2;
				MTL_ENABLE_DEBUG_INFO = NO;
				SDKROOT = iphoneos;
				SWIFT_OPTIMIZATION_LEVEL = "-Owholemodule";
				VALIDATE_PRODUCT = YES;
			};
			name = Release;
		};
		366894701FF1614E00F4A274 /* Debug */ = {
			isa = XCBuildConfiguration;
			buildSettings = {
				ASSETCATALOG_COMPILER_APPICON_NAME = AppIcon;
				CODE_SIGN_STYLE = Automatic;
				DEVELOPMENT_TEAM = F4KLVJSVC2;
				INFOPLIST_FILE = Tipper/Info.plist;
				LD_RUNPATH_SEARCH_PATHS = "$(inherited) @executable_path/Frameworks";
				PRODUCT_BUNDLE_IDENTIFIER = io.jeph.Tippr;
				PRODUCT_NAME = "$(TARGET_NAME)";
				SWIFT_VERSION = 4.0;
				TARGETED_DEVICE_FAMILY = "1,2";
			};
			name = Debug;
		};
		366894711FF1614E00F4A274 /* Release */ = {
			isa = XCBuildConfiguration;
			buildSettings = {
				ASSETCATALOG_COMPILER_APPICON_NAME = AppIcon;
				CODE_SIGN_STYLE = Automatic;
				DEVELOPMENT_TEAM = F4KLVJSVC2;
				INFOPLIST_FILE = Tipper/Info.plist;
				LD_RUNPATH_SEARCH_PATHS = "$(inherited) @executable_path/Frameworks";
				PRODUCT_BUNDLE_IDENTIFIER = io.jeph.Tippr;
				PRODUCT_NAME = "$(TARGET_NAME)";
				SWIFT_VERSION = 4.0;
				TARGETED_DEVICE_FAMILY = "1,2";
			};
			name = Release;
		};
		366894731FF1614E00F4A274 /* Debug */ = {
			isa = XCBuildConfiguration;
			buildSettings = {
				ALWAYS_EMBED_SWIFT_STANDARD_LIBRARIES = YES;
				BUNDLE_LOADER = "$(TEST_HOST)";
				CODE_SIGN_STYLE = Automatic;
				DEVELOPMENT_TEAM = F4KLVJSVC2;
				INFOPLIST_FILE = TipperTests/Info.plist;
				LD_RUNPATH_SEARCH_PATHS = "$(inherited) @executable_path/Frameworks @loader_path/Frameworks";
				PRODUCT_BUNDLE_IDENTIFIER = io.jeph.TipperTests;
				PRODUCT_NAME = "$(TARGET_NAME)";
				SWIFT_VERSION = 4.0;
				TARGETED_DEVICE_FAMILY = "1,2";
				TEST_HOST = "$(BUILT_PRODUCTS_DIR)/Tippr.app/Tippr";
			};
			name = Debug;
		};
		366894741FF1614E00F4A274 /* Release */ = {
			isa = XCBuildConfiguration;
			buildSettings = {
				ALWAYS_EMBED_SWIFT_STANDARD_LIBRARIES = YES;
				BUNDLE_LOADER = "$(TEST_HOST)";
				CODE_SIGN_STYLE = Automatic;
				DEVELOPMENT_TEAM = F4KLVJSVC2;
				INFOPLIST_FILE = TipperTests/Info.plist;
				LD_RUNPATH_SEARCH_PATHS = "$(inherited) @executable_path/Frameworks @loader_path/Frameworks";
				PRODUCT_BUNDLE_IDENTIFIER = io.jeph.TipperTests;
				PRODUCT_NAME = "$(TARGET_NAME)";
				SWIFT_VERSION = 4.0;
				TARGETED_DEVICE_FAMILY = "1,2";
				TEST_HOST = "$(BUILT_PRODUCTS_DIR)/Tippr.app/Tippr";
			};
			name = Release;
		};
		366894761FF1614E00F4A274 /* Debug */ = {
			isa = XCBuildConfiguration;
			buildSettings = {
				ALWAYS_EMBED_SWIFT_STANDARD_LIBRARIES = YES;
				CODE_SIGN_STYLE = Automatic;
				DEVELOPMENT_TEAM = F4KLVJSVC2;
				INFOPLIST_FILE = TipperUITests/Info.plist;
				LD_RUNPATH_SEARCH_PATHS = "$(inherited) @executable_path/Frameworks @loader_path/Frameworks";
				PRODUCT_BUNDLE_IDENTIFIER = io.jeph.TipperUITests;
				PRODUCT_NAME = "$(TARGET_NAME)";
				SWIFT_VERSION = 4.0;
				TARGETED_DEVICE_FAMILY = "1,2";
				TEST_TARGET_NAME = Tipper;
			};
			name = Debug;
		};
		366894771FF1614E00F4A274 /* Release */ = {
			isa = XCBuildConfiguration;
			buildSettings = {
				ALWAYS_EMBED_SWIFT_STANDARD_LIBRARIES = YES;
				CODE_SIGN_STYLE = Automatic;
				DEVELOPMENT_TEAM = F4KLVJSVC2;
				INFOPLIST_FILE = TipperUITests/Info.plist;
				LD_RUNPATH_SEARCH_PATHS = "$(inherited) @executable_path/Frameworks @loader_path/Frameworks";
				PRODUCT_BUNDLE_IDENTIFIER = io.jeph.TipperUITests;
				PRODUCT_NAME = "$(TARGET_NAME)";
				SWIFT_VERSION = 4.0;
				TARGETED_DEVICE_FAMILY = "1,2";
				TEST_TARGET_NAME = Tipper;
			};
			name = Release;
		};
/* End XCBuildConfiguration section */

/* Begin XCConfigurationList section */
		366894421FF1614D00F4A274 /* Build configuration list for PBXProject "Tippr" */ = {
			isa = XCConfigurationList;
			buildConfigurations = (
				3668946D1FF1614E00F4A274 /* Debug */,
				3668946E1FF1614E00F4A274 /* Release */,
			);
			defaultConfigurationIsVisible = 0;
			defaultConfigurationName = Release;
		};
		3668946F1FF1614E00F4A274 /* Build configuration list for PBXNativeTarget "Tippr" */ = {
			isa = XCConfigurationList;
			buildConfigurations = (
				366894701FF1614E00F4A274 /* Debug */,
				366894711FF1614E00F4A274 /* Release */,
			);
			defaultConfigurationIsVisible = 0;
			defaultConfigurationName = Release;
		};
		366894721FF1614E00F4A274 /* Build configuration list for PBXNativeTarget "TipprTests" */ = {
			isa = XCConfigurationList;
			buildConfigurations = (
				366894731FF1614E00F4A274 /* Debug */,
				366894741FF1614E00F4A274 /* Release */,
			);
			defaultConfigurationIsVisible = 0;
			defaultConfigurationName = Release;
		};
		366894751FF1614E00F4A274 /* Build configuration list for PBXNativeTarget "TipprUITests" */ = {
			isa = XCConfigurationList;
			buildConfigurations = (
				366894761FF1614E00F4A274 /* Debug */,
				366894771FF1614E00F4A274 /* Release */,
			);
			defaultConfigurationIsVisible = 0;
			defaultConfigurationName = Release;
		};
/* End XCConfigurationList section */
	};
	rootObject = 3668943F1FF1614D00F4A274 /* Project object */;
}
